
Microsoft Visual Studio Solution File, Format Version 12.00
# Visual Studio Version 16
VisualStudioVersion = 16.0.29911.84
MinimumVisualStudioVersion = 10.0.40219.1
Project("{FAE04EC0-301F-11D3-BF4B-00C04F79EFBC}") = "HT2000Lib", "HT2000Lib\HT2000Lib.csproj", "{BFEBAB9A-5B5B-4D7E-933C-FCA6F4B74ECE}"
EndProject
Project("{FAE04EC0-301F-11D3-BF4B-00C04F79EFBC}") = "HT2000LibTest", "HT2000LibTest\HT2000LibTest.csproj", "{9195B769-D75E-4D0A-83AE-6141EBC8EA81}"
EndProject
Global
	GlobalSection(SolutionConfigurationPlatforms) = preSolution
		Debug|Any CPU = Debug|Any CPU
		Debug|x64 = Debug|x64
		Debug|x86 = Debug|x86
		Release|Any CPU = Release|Any CPU
		Release|x64 = Release|x64
		Release|x86 = Release|x86
	EndGlobalSection
	GlobalSection(ProjectConfigurationPlatforms) = postSolution
		{BFEBAB9A-5B5B-4D7E-933C-FCA6F4B74ECE}.Debug|Any CPU.ActiveCfg = Debug|Any CPU
		{BFEBAB9A-5B5B-4D7E-933C-FCA6F4B74ECE}.Debug|Any CPU.Build.0 = Debug|Any CPU
		{BFEBAB9A-5B5B-4D7E-933C-FCA6F4B74ECE}.Debug|x64.ActiveCfg = Debug|x64
		{BFEBAB9A-5B5B-4D7E-933C-FCA6F4B74ECE}.Debug|x64.Build.0 = Debug|x64
		{BFEBAB9A-5B5B-4D7E-933C-FCA6F4B74ECE}.Debug|x86.ActiveCfg = Debug|x86
		{BFEBAB9A-5B5B-4D7E-933C-FCA6F4B74ECE}.Debug|x86.Build.0 = Debug|x86
		{BFEBAB9A-5B5B-4D7E-933C-FCA6F4B74ECE}.Release|Any CPU.ActiveCfg = Release|Any CPU
		{BFEBAB9A-5B5B-4D7E-933C-FCA6F4B74ECE}.Release|Any CPU.Build.0 = Release|Any CPU
		{BFEBAB9A-5B5B-4D7E-933C-FCA6F4B74ECE}.Release|x64.ActiveCfg = Release|Any CPU
		{BFEBAB9A-5B5B-4D7E-933C-FCA6F4B74ECE}.Release|x64.Build.0 = Release|Any CPU
		{BFEBAB9A-5B5B-4D7E-933C-FCA6F4B74ECE}.Release|x86.ActiveCfg = Release|Any CPU
		{BFEBAB9A-5B5B-4D7E-933C-FCA6F4B74ECE}.Release|x86.Build.0 = Release|Any CPU
		{9195B769-D75E-4D0A-83AE-6141EBC8EA81}.Debug|Any CPU.ActiveCfg = Debug|Any CPU
		{9195B769-D75E-4D0A-83AE-6141EBC8EA81}.Debug|Any CPU.Build.0 = Debug|Any CPU
		{9195B769-D75E-4D0A-83AE-6141EBC8EA81}.Debug|x64.ActiveCfg = Debug|x64
		{9195B769-D75E-4D0A-83AE-6141EBC8EA81}.Debug|x64.Build.0 = Debug|x64
		{9195B769-D75E-4D0A-83AE-6141EBC8EA81}.Debug|x86.ActiveCfg = Debug|x86
		{9195B769-D75E-4D0A-83AE-6141EBC8EA81}.Debug|x86.Build.0 = Debug|x86
		{9195B769-D75E-4D0A-83AE-6141EBC8EA81}.Release|Any CPU.ActiveCfg = Release|Any CPU
		{9195B769-D75E-4D0A-83AE-6141EBC8EA81}.Release|Any CPU.Build.0 = Release|Any CPU
		{9195B769-D75E-4D0A-83AE-6141EBC8EA81}.Release|x64.ActiveCfg = Release|Any CPU
		{9195B769-D75E-4D0A-83AE-6141EBC8EA81}.Release|x64.Build.0 = Release|Any CPU
		{9195B769-D75E-4D0A-83AE-6141EBC8EA81}.Release|x86.ActiveCfg = Release|Any CPU
		{9195B769-D75E-4D0A-83AE-6141EBC8EA81}.Release|x86.Build.0 = Release|Any CPU
	EndGlobalSection
	GlobalSection(SolutionProperties) = preSolution
		HideSolutionNode = FALSE
	EndGlobalSection
	GlobalSection(ExtensibilityGlobals) = postSolution
		SolutionGuid = {3BDA9755-615B-4B21-BC0B-2464A2E816B1}
	EndGlobalSection
EndGlobal
